
Microsoft Visual Studio Solution File, Format Version 12.00
# Visual Studio Version 17
VisualStudioVersion = 17.8.34322.80
MinimumVisualStudioVersion = 10.0.40219.1
Project("{9A19103F-16F7-4668-BE54-9A1E7A4F7556}") = "MVC", "MVC\MVC.csproj", "{1F58E7FB-096D-442F-B791-771DB23B2B9F}"
EndProject
Project("{FAE04EC0-301F-11D3-BF4B-00C04F79EFBC}") = "DataAccess", "DataAccess\DataAccess.csproj", "{21F803A3-9651-4C48-922C-960708302F69}"
EndProject
Project("{FAE04EC0-301F-11D3-BF4B-00C04F79EFBC}") = "Business", "Business\Business.csproj", "{615D14E8-5FD8-4D85-AD23-51D71C14FF2F}"
EndProject
Global
	GlobalSection(SolutionConfigurationPlatforms) = preSolution
		Debug|Any CPU = Debug|Any CPU
		Release|Any CPU = Release|Any CPU
	EndGlobalSection
	GlobalSection(ProjectConfigurationPlatforms) = postSolution
		{1F58E7FB-096D-442F-B791-771DB23B2B9F}.Debug|Any CPU.ActiveCfg = Debug|Any CPU
		{1F58E7FB-096D-442F-B791-771DB23B2B9F}.Debug|Any CPU.Build.0 = Debug|Any CPU
		{1F58E7FB-096D-442F-B791-771DB23B2B9F}.Release|Any CPU.ActiveCfg = Release|Any CPU
		{1F58E7FB-096D-442F-B791-771DB23B2B9F}.Release|Any CPU.Build.0 = Release|Any CPU
		{21F803A3-9651-4C48-922C-960708302F69}.Debug|Any CPU.ActiveCfg = Debug|Any CPU
		{21F803A3-9651-4C48-922C-960708302F69}.Debug|Any CPU.Build.0 = Debug|Any CPU
		{21F803A3-9651-4C48-922C-960708302F69}.Release|Any CPU.ActiveCfg = Release|Any CPU
		{21F803A3-9651-4C48-922C-960708302F69}.Release|Any CPU.Build.0 = Release|Any CPU
		{615D14E8-5FD8-4D85-AD23-51D71C14FF2F}.Debug|Any CPU.ActiveCfg = Debug|Any CPU
		{615D14E8-5FD8-4D85-AD23-51D71C14FF2F}.Debug|Any CPU.Build.0 = Debug|Any CPU
		{615D14E8-5FD8-4D85-AD23-51D71C14FF2F}.Release|Any CPU.ActiveCfg = Release|Any CPU
		{615D14E8-5FD8-4D85-AD23-51D71C14FF2F}.Release|Any CPU.Build.0 = Release|Any CPU
	EndGlobalSection
	GlobalSection(SolutionProperties) = preSolution
		HideSolutionNode = FALSE
	EndGlobalSection
	GlobalSection(ExtensibilityGlobals) = postSolution
		SolutionGuid = {9286CEB8-97B9-415D-8C6E-9EDFD1837A51}
	EndGlobalSection
EndGlobal
